
Microsoft Visual Studio Solution File, Format Version 12.00
# Visual Studio Version 17
VisualStudioVersion = 17.0.31903.59
MinimumVisualStudioVersion = 10.0.40219.1
Project("{FAE04EC0-301F-11D3-BF4B-00C04F79EFBC}") = "taxaBookingAPI", "taxaBookingAPI\taxaBookingAPI.csproj", "{E8F7C44D-846F-4899-8571-C1EFBC80DFDB}"
EndProject
Project("{FAE04EC0-301F-11D3-BF4B-00C04F79EFBC}") = "taxaBookingAPI.Test", "taxaBookingAPI.Test\taxaBookingAPI.Test.csproj", "{880C98F5-CFFA-47D4-85FB-F21518E939D1}"
EndProject
Global
	GlobalSection(SolutionConfigurationPlatforms) = preSolution
		Debug|Any CPU = Debug|Any CPU
		Release|Any CPU = Release|Any CPU
	EndGlobalSection
	GlobalSection(SolutionProperties) = preSolution
		HideSolutionNode = FALSE
	EndGlobalSection
	GlobalSection(ProjectConfigurationPlatforms) = postSolution
		{E8F7C44D-846F-4899-8571-C1EFBC80DFDB}.Debug|Any CPU.ActiveCfg = Debug|Any CPU
		{E8F7C44D-846F-4899-8571-C1EFBC80DFDB}.Debug|Any CPU.Build.0 = Debug|Any CPU
		{E8F7C44D-846F-4899-8571-C1EFBC80DFDB}.Release|Any CPU.ActiveCfg = Release|Any CPU
		{E8F7C44D-846F-4899-8571-C1EFBC80DFDB}.Release|Any CPU.Build.0 = Release|Any CPU
		{880C98F5-CFFA-47D4-85FB-F21518E939D1}.Debug|Any CPU.ActiveCfg = Debug|Any CPU
		{880C98F5-CFFA-47D4-85FB-F21518E939D1}.Debug|Any CPU.Build.0 = Debug|Any CPU
		{880C98F5-CFFA-47D4-85FB-F21518E939D1}.Release|Any CPU.ActiveCfg = Release|Any CPU
		{880C98F5-CFFA-47D4-85FB-F21518E939D1}.Release|Any CPU.Build.0 = Release|Any CPU
	EndGlobalSection
EndGlobal
